
Microsoft Visual Studio Solution File, Format Version 12.00
# Visual Studio Version 17
VisualStudioVersion = 17.4.33213.308
MinimumVisualStudioVersion = 10.0.40219.1
Project("{FAE04EC0-301F-11D3-BF4B-00C04F79EFBC}") = "Functions", "Functions\Functions.csproj", "{FE1D90B1-D747-4BDB-AE00-22A7A66297D0}"
EndProject
Project("{FAE04EC0-301F-11D3-BF4B-00C04F79EFBC}") = "ArgumentAndParameters", "ArgumentAndParameters\ArgumentAndParameters.csproj", "{A7C42D42-2280-49A6-A14E-C8C4F77A99BC}"
EndProject
Project("{FAE04EC0-301F-11D3-BF4B-00C04F79EFBC}") = "Calculator", "Calculator\Calculator.csproj", "{1F4E87B1-CDE1-4CB5-973D-C1FA356D9C63}"
EndProject
Project("{FAE04EC0-301F-11D3-BF4B-00C04F79EFBC}") = "DiscountCalculator", "DiscountCalculator\DiscountCalculator.csproj", "{151C35BF-DC05-4DD5-B68E-4D8E72EDCB7D}"
EndProject
Global
	GlobalSection(SolutionConfigurationPlatforms) = preSolution
		Debug|Any CPU = Debug|Any CPU
		Release|Any CPU = Release|Any CPU
	EndGlobalSection
	GlobalSection(ProjectConfigurationPlatforms) = postSolution
		{FE1D90B1-D747-4BDB-AE00-22A7A66297D0}.Debug|Any CPU.ActiveCfg = Debug|Any CPU
		{FE1D90B1-D747-4BDB-AE00-22A7A66297D0}.Debug|Any CPU.Build.0 = Debug|Any CPU
		{FE1D90B1-D747-4BDB-AE00-22A7A66297D0}.Release|Any CPU.ActiveCfg = Release|Any CPU
		{FE1D90B1-D747-4BDB-AE00-22A7A66297D0}.Release|Any CPU.Build.0 = Release|Any CPU
		{A7C42D42-2280-49A6-A14E-C8C4F77A99BC}.Debug|Any CPU.ActiveCfg = Debug|Any CPU
		{A7C42D42-2280-49A6-A14E-C8C4F77A99BC}.Debug|Any CPU.Build.0 = Debug|Any CPU
		{A7C42D42-2280-49A6-A14E-C8C4F77A99BC}.Release|Any CPU.ActiveCfg = Release|Any CPU
		{A7C42D42-2280-49A6-A14E-C8C4F77A99BC}.Release|Any CPU.Build.0 = Release|Any CPU
		{1F4E87B1-CDE1-4CB5-973D-C1FA356D9C63}.Debug|Any CPU.ActiveCfg = Debug|Any CPU
		{1F4E87B1-CDE1-4CB5-973D-C1FA356D9C63}.Debug|Any CPU.Build.0 = Debug|Any CPU
		{1F4E87B1-CDE1-4CB5-973D-C1FA356D9C63}.Release|Any CPU.ActiveCfg = Release|Any CPU
		{1F4E87B1-CDE1-4CB5-973D-C1FA356D9C63}.Release|Any CPU.Build.0 = Release|Any CPU
		{151C35BF-DC05-4DD5-B68E-4D8E72EDCB7D}.Debug|Any CPU.ActiveCfg = Debug|Any CPU
		{151C35BF-DC05-4DD5-B68E-4D8E72EDCB7D}.Debug|Any CPU.Build.0 = Debug|Any CPU
		{151C35BF-DC05-4DD5-B68E-4D8E72EDCB7D}.Release|Any CPU.ActiveCfg = Release|Any CPU
		{151C35BF-DC05-4DD5-B68E-4D8E72EDCB7D}.Release|Any CPU.Build.0 = Release|Any CPU
	EndGlobalSection
	GlobalSection(SolutionProperties) = preSolution
		HideSolutionNode = FALSE
	EndGlobalSection
	GlobalSection(ExtensibilityGlobals) = postSolution
		SolutionGuid = {11F16AD5-DA90-4FC6-B4A0-772FD9512D99}
	EndGlobalSection
EndGlobal
